
Microsoft Visual Studio Solution File, Format Version 12.00
# Visual Studio 15
VisualStudioVersion = 15.0.26228.9
MinimumVisualStudioVersion = 10.0.40219.1
Project("{FAE04EC0-301F-11D3-BF4B-00C04F79EFBC}") = "UnitTestDemo", "UnitTestDemo\UnitTestDemo.csproj", "{FD03B570-BA88-48A1-B5C5-491E65A8BE27}"
EndProject
Project("{FAE04EC0-301F-11D3-BF4B-00C04F79EFBC}") = "UnitTestDemo.nUnit", "UnitTestDemo.nUnit\UnitTestDemo.nUnit.csproj", "{8B71DFE1-B6D5-477C-8B93-C2373010B2DE}"
EndProject
Global
	GlobalSection(SolutionConfigurationPlatforms) = preSolution
		Debug|Any CPU = Debug|Any CPU
		Release|Any CPU = Release|Any CPU
	EndGlobalSection
	GlobalSection(ProjectConfigurationPlatforms) = postSolution
		{FD03B570-BA88-48A1-B5C5-491E65A8BE27}.Debug|Any CPU.ActiveCfg = Debug|Any CPU
		{FD03B570-BA88-48A1-B5C5-491E65A8BE27}.Debug|Any CPU.Build.0 = Debug|Any CPU
		{FD03B570-BA88-48A1-B5C5-491E65A8BE27}.Release|Any CPU.ActiveCfg = Release|Any CPU
		{FD03B570-BA88-48A1-B5C5-491E65A8BE27}.Release|Any CPU.Build.0 = Release|Any CPU
		{8B71DFE1-B6D5-477C-8B93-C2373010B2DE}.Debug|Any CPU.ActiveCfg = Debug|Any CPU
		{8B71DFE1-B6D5-477C-8B93-C2373010B2DE}.Debug|Any CPU.Build.0 = Debug|Any CPU
		{8B71DFE1-B6D5-477C-8B93-C2373010B2DE}.Release|Any CPU.ActiveCfg = Release|Any CPU
		{8B71DFE1-B6D5-477C-8B93-C2373010B2DE}.Release|Any CPU.Build.0 = Release|Any CPU
	EndGlobalSection
	GlobalSection(SolutionProperties) = preSolution
		HideSolutionNode = FALSE
	EndGlobalSection
EndGlobal
